{
    "_meta": {
        "hash": {
            "sha256": "61278b04cdd40c70f98bf36beb7e2b82e0822f2acf69b75fbcbe2fa5fc9257cd"
        },
        "pipfile-spec": 6,
        "requires": {
            "python_version": "3.7"
        },
        "sources": [
            {
                "name": "pypi",
                "url": "https://pypi.org/simple",
                "verify_ssl": true
            }
        ]
    },
    "default": {
        "cobra": {
            "hashes": [
                "sha256:23d46e566aedd40469412e3a785ca71568126ca81790bf3b42794ef9ae11b7ac",
                "sha256:fb3c6816e7b7c6524f96b185ca6735b3c57326ee38cc644eb358fadaf01f9c67"
            ],
            "index": "pypi",
            "version": "==0.16.0"
        },
        "depinfo": {
            "hashes": [
                "sha256:3d9ba933e7a9d718b9915f75c844a38c5603cd3cdba1816ab95e0b148b100d8f",
                "sha256:e0971be11519a823b126c875e17ad3ad8adaa6a86737395b9dbcef3ca0e77b0c"
            ],
            "markers": "python_version >= '3.7'",
            "version": "==2.2.0"
        },
        "future": {
            "hashes": [
                "sha256:34a17436ed1e96697a86f9de3d15a3b0be01d8bc8de9c1dffd59fb8234ed5307"
            ],
            "markers": "python_version >= '2.6' and python_version not in '3.0, 3.1, 3.2, 3.3'",
            "version": "==0.18.3"
        },
        "importlib-metadata": {
            "hashes": [
                "sha256:43dd286a2cd8995d5eaef7fee2066340423b818ed3fd70adf0bad5f1fac53fed",
                "sha256:92501cdf9cc66ebd3e612f1b4f0c0765dfa42f0fa38ffb319b6bd84dd675d705"
            ],
            "markers": "python_version < '3.8'",
            "version": "==6.6.0"
        },
        "mpmath": {
            "hashes": [
                "sha256:7a28eb2a9774d00c7bc92411c19a89209d5da7c4c9a9e227be8330a23a25b91f",
                "sha256:a0b2b9fe80bbcd81a6647ff13108738cfb482d481d826cc0e02f5b35e5c88d2c"
            ],
            "index": "pypi",
            "version": "==1.3.0"
        },
        "numpy": {
            "hashes": [
                "sha256:05dbfe72684cc14b92568de1bc1f41e5f62b00f714afc9adee42f6311738091f",
                "sha256:0d82cb7271a577529d07bbb05cb58675f2deb09772175fab96dc8de025d8ac05",
                "sha256:10132aa1fef99adc85a905d82e8497a580f83739837d7cbd234649f2e9b9dc58",
                "sha256:12322df2e21f033a60c80319c25011194cd2a21294cc66fee0908aeae2c27832",
                "sha256:16f19b3aa775dddc9814e02a46b8e6ae6a54ed8cf143962b4e53f0471dbd7b16",
                "sha256:3d0b0989dd2d066db006158de7220802899a1e5c8cf622abe2d0bd158fd01c2c",
                "sha256:438a3f0e7b681642898fd7993d38e2bf140a2d1eafaf3e89bb626db7f50db355",
                "sha256:5fd214f482ab53f2cea57414c5fb3e58895b17df6e6f5bca5be6a0bb6aea23bb",
                "sha256:73615d3edc84dd7c4aeb212fa3748fb83217e00d201875a47327f55363cef2df",
                "sha256:7bd355ad7496f4ce1d235e9814ec81ee3d28308d591c067ce92e49f745ba2c2f",
                "sha256:7d077f2976b8f3de08a0dcf5d72083f4af5411e8fddacd662aae27baa2601196",
                "sha256:a4092682778dc48093e8bda8d26ee8360153e2047826f95a3f5eae09f0ae3abf",
                "sha256:b458de8624c9f6034af492372eb2fee41a8e605f03f4732f43fc099e227858b2",
                "sha256:e70fc8ff03a961f13363c2c95ef8285e0cf6a720f8271836f852cc0fa64e97c8",
                "sha256:ee8e9d7cad5fe6dde50ede0d2e978d81eafeaa6233fb0b8719f60214cf226578",
                "sha256:f4a4f6aba148858a5a5d546a99280f71f5ee6ec8182a7d195af1a914195b21a2"
            ],
            "index": "pypi",
            "version": "==1.17.2"
        },
        "optlang": {
            "hashes": [
                "sha256:3cff64dae1ebe8eaef6291c2d1b4f459d58f97ee73b4757e7584d764eb4a0031",
                "sha256:759fd02b0edaa0ad4098f253efbd8a5f130ea91ca9957a3205534543e0758c97",
                "sha256:78ea36751832176d4819f29c4d2bc5a8ead2c15a3f5dcd5b67ab99e69fc155dc"
            ],
            "index": "pypi",
            "version": "==1.4.4"
        },
        "pandas": {
            "hashes": [
                "sha256:0c34b89215f984a9e4956446e0a29330d720085efa08ea72022387ee37d8b373",
                "sha256:0dbd125b0e44e5068163cbc9080a00db1756a5e36309329ae14fd259747f2300",
                "sha256:1102d719038e134e648e7920672188a00375f3908f0383fd3b202fbb9d2c3a95",
                "sha256:14abb8ea73fce8aebbb1fb44bec809163f1c55241bcc1db91c2c780e97265033",
                "sha256:25fc8ef6c6beb51c9224284a1ad89dfb591832f23ceff78845f182de35c52356",
                "sha256:38e7486410de23069392bdf1dc7297ae75d2d67531750753f3149c871cd1c6e3",
                "sha256:4bfbf62b00460f78a8bc4407112965c5ab44324f34551e8e1f4cac271a07706c",
                "sha256:78de96c1174bcfdbe8dece9c38c2d7994e407fd8bb62146bb46c61294bcc06ef",
                "sha256:7b09293c7119ab22ab3f7f086f813ac2acbfa3bcaaaeb650f4cddfb5b9fa9be4",
                "sha256:821d92466fcd2826656374a9b6fe4f2ec2ba5e370cce71d5a990577929d948df",
                "sha256:9244fb0904512b074d8c6362fb13aac1da6c4db94372760ddb2565c620240264",
                "sha256:94ca6ea3f46f44a979a38a4d5a70a88cee734f7248d7aeeed202e6b3ba485af1",
                "sha256:a67227e17236442c6bc31c02cb713b5277b26eee204eac14b5aecba52492e3a3",
                "sha256:c862cd72353921c102166784fc4db749f1c3b691dd017fc36d9df2c67a9afe4e",
                "sha256:d9e6edddeac9a8e473391d2d2067bb3c9dc7ad79fd137af26a39ee425c2b4c78",
                "sha256:e36515163829e0e95a6af10820f178dd8768102482c01872bff8ae592e508e58",
                "sha256:f20e4b8a7909f5a0c0a9e745091e3ea18b45af9f73496a4d498688badbdac7ea",
                "sha256:fc9215dd1dd836ff26b896654e66b2dfcf4bbb18aa4c1089a79bab527b665a90"
            ],
            "markers": "python_full_version >= '3.7.1'",
            "version": "==1.2.5"
        },
        "python-dateutil": {
            "hashes": [
                "sha256:0123cacc1627ae19ddf3c27a5de5bd67ee4586fbdd6440d9748f8abb483d3e86",
                "sha256:961d03dc3453ebbc59dbdea9e4e11c5651520a876d0f4db161e8674aae935da9"
            ],
            "markers": "python_version >= '2.7' and python_version not in '3.0, 3.1, 3.2, 3.3'",
            "version": "==2.8.2"
        },
        "python-libsbml-experimental": {
            "hashes": [
                "sha256:00b9a386a953622678793534d8051d8fee7a25c4deb9c65179da01f151cfd545",
                "sha256:0376abbe728b17f96f54ef16f7def2366fcda45f7eed224d17580ccde7e3c3fa",
                "sha256:03a7a3e53e2c3171874c4801b3f65765a5f72585b02b7e5e19bb995a688a800e",
                "sha256:075c3a7a85411b8cb92169ae049b2e6f286baf7d9924b33e2635e953e86ea66d",
                "sha256:0a078cd39d7ccc5e4042359113715829ce210c80f91157e7b8e998ff5f39921c",
                "sha256:1a29b66dfae67e49fcc4dec4f7330c777e910a697cc192d607c456977cce9442",
                "sha256:281eef7afe716986dd9903a8b7098185b3f5326f64a35a61681c44558d9288d8",
                "sha256:50ac5c812a79c663458105bb764361e8f3c7632be2ce0d5a7587e9ae6f92a2ed",
                "sha256:563c492ddca4fb969f2b77942cc4cdcc169628b5271ba3a2ea04d4715629c356",
                "sha256:5f173629e6fa2352a47cede39399e730d08d72fed933dfc97933b8564ab5db75",
                "sha256:644f33d20b406e7b2db9bf4963db4d61421cb4949c37b9ecf3bcba8011386971",
                "sha256:64ade9bb910be8447e4e6c20be20d58fb47f005d578d00428cf40620d7108801",
                "sha256:66777906ecdab910afdab124ca6036602ec373c6a93bc53c62b3f2e21aee4137",
                "sha256:7b303fe5eb61d42f90546aeabf9f490604c9d256ba1c40ef24cc64fe73482bbf",
                "sha256:8261332ee65c2d4e27efce92215ba3cb7227f7d9a0bc9af22f970507b030dd7c",
                "sha256:83539f0c177a108dd7abdc7926bcec0003576caab9da43de13636391fbca6ac1",
                "sha256:883c0bd8435c595384d15a4de0cfda0e2530b76394f10ca3da5345b3ffff539a",
                "sha256:88fcce92950f4481e1289e25a64328a4dca6b637d0246d988fc4db650a2715c0",
                "sha256:91e31e41f30d759632aa765420ee2f0a9db6e7f618f20fcc6c757f5f413c74ba",
                "sha256:96b21a620ad168d3c55ec1ea02b8b9189076e664bf2973730eb9aa14bc9950ad",
                "sha256:a1d77346c6714dc7af2d7c7ea4b195c0a50809ab581dfa05736e43c607873223",
                "sha256:a37c004d7d0b019891d45307c0eaa24e47c10a47e238e4feec21d49e1c210ae4",
                "sha256:a8a1448c2b6b03a1886e5f8a5e968b0334863520b6723c79991d162236a74047",
                "sha256:af6b4c0d0b1fd17656276a78aacb02c6579ad37c24a094a39f255e602ff04794",
                "sha256:b11a78d3a2b9e9fe139ab7de245120eee060a94bd4d75425095b805751cb06a0",
                "sha256:c9d66a4bc132510f52bbac5b8e208c5137b58a6b277740c1653de772f9de634f",
                "sha256:d7fa8d077f71e03a1a3bbc3601f3ccf4318b4757adb7ed88fdc3f14405d9cac4",
                "sha256:f38252a9ab07d05fe089212634154f376304d4c1de1ed949fd5bc94c0b1bbb62",
                "sha256:fc2423fe6c673df6bf88a8b5fa51042120ef4e0f0d31b658d3db5b47d005297d"
            ],
            "version": "==5.18.0"
        },
        "pytz": {
            "hashes": [
                "sha256:1d8ce29db189191fb55338ee6d0387d82ab59f3d00eac103412d64e0ebd0c588",
                "sha256:a151b3abb88eda1d4e34a9814df37de2a80e301e68ba0fd856fb9b46bfbbbffb"
            ],
            "version": "==2023.3"
        },
        "ruamel.yaml": {
            "hashes": [
                "sha256:25d0ee82a0a9a6f44683dcf8c282340def4074a4562f3a24f55695bb254c1693",
                "sha256:baa2d0a5aad2034826c439ce61c142c07082b76f4791d54145e131206e998059"
            ],
            "markers": "python_version >= '3'",
            "version": "==0.17.26"
        },
        "ruamel.yaml.clib": {
            "hashes": [
                "sha256:045e0626baf1c52e5527bd5db361bc83180faaba2ff586e763d3d5982a876a9e",
                "sha256:15910ef4f3e537eea7fe45f8a5d19997479940d9196f357152a09031c5be59f3",
                "sha256:184faeaec61dbaa3cace407cffc5819f7b977e75360e8d5ca19461cd851a5fc5",
                "sha256:1f08fd5a2bea9c4180db71678e850b995d2a5f4537be0e94557668cf0f5f9497",
                "sha256:2aa261c29a5545adfef9296b7e33941f46aa5bbd21164228e833412af4c9c75f",
                "sha256:3110a99e0f94a4a3470ff67fc20d3f96c25b13d24c6980ff841e82bafe827cac",
                "sha256:3243f48ecd450eddadc2d11b5feb08aca941b5cd98c9b1db14b2fd128be8c697",
                "sha256:370445fd795706fd291ab00c9df38a0caed0f17a6fb46b0f607668ecb16ce763",
                "sha256:40d030e2329ce5286d6b231b8726959ebbe0404c92f0a578c0e2482182e38282",
                "sha256:41d0f1fa4c6830176eef5b276af04c89320ea616655d01327d5ce65e50575c94",
                "sha256:4a4d8d417868d68b979076a9be6a38c676eca060785abaa6709c7b31593c35d1",
                "sha256:4b3a93bb9bc662fc1f99c5c3ea8e623d8b23ad22f861eb6fce9377ac07ad6072",
                "sha256:5bc0667c1eb8f83a3752b71b9c4ba55ef7c7058ae57022dd9b29065186a113d9",
                "sha256:721bc4ba4525f53f6a611ec0967bdcee61b31df5a56801281027a3a6d1c2daf5",
                "sha256:763d65baa3b952479c4e972669f679fe490eee058d5aa85da483ebae2009d231",
                "sha256:7bdb4c06b063f6fd55e472e201317a3bb6cdeeee5d5a38512ea5c01e1acbdd93",
                "sha256:8831a2cedcd0f0927f788c5bdf6567d9dc9cc235646a434986a852af1cb54b4b",
                "sha256:91a789b4aa0097b78c93e3dc4b40040ba55bef518f84a40d4442f713b4094acb",
                "sha256:92460ce908546ab69770b2e576e4f99fbb4ce6ab4b245345a3869a0a0410488f",
                "sha256:99e77daab5d13a48a4054803d052ff40780278240a902b880dd37a51ba01a307",
                "sha256:a234a20ae07e8469da311e182e70ef6b199d0fbeb6c6cc2901204dd87fb867e8",
                "sha256:a7b301ff08055d73223058b5c46c55638917f04d21577c95e00e0c4d79201a6b",
                "sha256:be2a7ad8fd8f7442b24323d24ba0b56c51219513cfa45b9ada3b87b76c374d4b",
                "sha256:bf9a6bc4a0221538b1a7de3ed7bca4c93c02346853f44e1cd764be0023cd3640",
                "sha256:c3ca1fbba4ae962521e5eb66d72998b51f0f4d0f608d3c0347a48e1af262efa7",
                "sha256:d000f258cf42fec2b1bbf2863c61d7b8918d31ffee905da62dede869254d3b8a",
                "sha256:d5859983f26d8cd7bb5c287ef452e8aacc86501487634573d260968f753e1d71",
                "sha256:d5e51e2901ec2366b79f16c2299a03e74ba4531ddcfacc1416639c557aef0ad8",
                "sha256:da538167284de58a52109a9b89b8f6a53ff8437dd6dc26d33b57bf6699153122",
                "sha256:debc87a9516b237d0466a711b18b6ebeb17ba9f391eb7f91c649c5c4ec5006c7",
                "sha256:df5828871e6648db72d1c19b4bd24819b80a755c4541d3409f0f7acd0f335c80",
                "sha256:ecdf1a604009bd35c674b9225a8fa609e0282d9b896c03dd441a91e5f53b534e",
                "sha256:efa08d63ef03d079dcae1dfe334f6c8847ba8b645d08df286358b1f5293d24ab",
                "sha256:f01da5790e95815eb5a8a138508c01c758e5f5bc0ce4286c4f7028b8dd7ac3d0",
                "sha256:f34019dced51047d6f70cb9383b2ae2853b7fc4dce65129a5acd49f4f9256646",
                "sha256:f6d3d39611ac2e4f62c3128a9eed45f19a6608670c5a2f4f07f24e8de3441d38"
            ],
            "markers": "python_version < '3.12' and platform_python_implementation == 'CPython'",
            "version": "==0.2.7"
        },
        "scipy": {
            "hashes": [
                "sha256:0baa64bf42592032f6f6445a07144e355ca876b177f47ad8d0612901c9375bef",
                "sha256:243b04730d7223d2b844bda9500310eecc9eda0cba9ceaf0cde1839f8287dfa8",
                "sha256:2643cfb46d97b7797d1dbdb6f3c23fe3402904e3c90e6facfe6a9b98d808c1b5",
                "sha256:396eb4cdad421f846a1498299474f0a3752921229388f91f60dc3eda55a00488",
                "sha256:3ae3692616975d3c10aca6d574d6b4ff95568768d4525f76222fb60f142075b9",
                "sha256:435d19f80b4dcf67dc090cc04fde2c5c8a70b3372e64f6a9c58c5b806abfa5a8",
                "sha256:46a5e55850cfe02332998b3aef481d33f1efee1960fe6cfee0202c7dd6fc21ab",
                "sha256:75b513c462e58eeca82b22fc00f0d1875a37b12913eee9d979233349fce5c8b2",
                "sha256:7ccfa44a08226825126c4ef0027aa46a38c928a10f0a8a8483c80dd9f9a0ad44",
                "sha256:89dd6a6d329e3f693d1204d5562dd63af0fd7a17854ced17f9cbc37d5b853c8d",
                "sha256:a81da2fe32f4eab8b60d56ad43e44d93d392da228a77e229e59b51508a00299c",
                "sha256:a9d606d11eb2eec7ef893eb825017fbb6eef1e1d0b98a5b7fc11446ebeb2b9b1",
                "sha256:ac37eb652248e2d7cbbfd89619dce5ecfd27d657e714ed049d82f19b162e8d45",
                "sha256:cbc0611699e420774e945f6a4e2830f7ca2b3ee3483fca1aa659100049487dd5",
                "sha256:d02d813ec9958ed63b390ded463163685af6025cb2e9a226ec2c477df90c6957",
                "sha256:dd3b52e00f93fd1c86f2d78243dfb0d02743c94dd1d34ffea10055438e63b99d"
            ],
            "index": "pypi",
            "version": "==1.3.1"
        },
        "six": {
            "hashes": [
                "sha256:1e61c37477a1626458e36f7b1d82aa5c9b094fa4802892072e49de9c60c4c926",
                "sha256:8abb2f1d86890a2dfb989f9a77cfcfd3e47c2a354b01111771326f8aa26e0254"
            ],
            "markers": "python_version >= '2.7' and python_version not in '3.0, 3.1, 3.2, 3.3'",
            "version": "==1.16.0"
        },
        "swiglpk": {
            "hashes": [
                "sha256:04f6cb83058343c4ad78fd405b36eccb07f0e8e4c233bb8dfa6f85e8b397be91",
                "sha256:0a10a28e26d3ef23f6f08ef34309079162260aeb5572ac8f8ee8f1509cc8ec2b",
                "sha256:110edce4f1a4302382953bffe9add0dff987714aaea3279ab85258efe3cf6a2a",
                "sha256:1485295eb227000385b49bd5b81760b5730562479ad0fe648b946dbfa1ff9cfe",
                "sha256:2ac1d07657fe77b86ec91de7fac4e30d4d082c505249fbc9f13a94c63c38b423",
                "sha256:2da701ecc85dfc344dd500afe3c6886dc6b3faf7ec3fbaf5345a529e8edfc587",
                "sha256:3229bb835cd1c6b71add7edee8782f373b51d1b8389e99190471e0606feaf5ae",
                "sha256:3332ff991821372bff82d0c5241a0e65270243d29b0076c47b847d90d4443cb9",
                "sha256:3379cfa3ad0c8443709867cc507ce2936b187285e3b7e97e252b1741144267f7",
                "sha256:33a68f12d97ead6718bc5fcd5c76dd670ef02ab4fdd1ad5c822822311055dc4c",
                "sha256:3b6f94ff554b4a0977707d5b25ef3ad8eb9b9d4659ceb0844b20084f0f809905",
                "sha256:40c0b729b0231b5f953643ebb835d20e3956168c507436a449af00cb399df1b0",
                "sha256:4176f03f51a27bad0af94217c6999b1bfe9297b126bdd815ee1a6a18afe5ff8b",
                "sha256:4cf68f473241488d5504bec9ab1b71df3283a17164070324219ed4c17c184705",
                "sha256:59756d08d3c6e83e1ba0a225c168fd1c0b1f55117dd9d8dcd429ea5ecd0c6513",
                "sha256:5d36763eda34cea6e22667302dcd7161ba5b17fc2520fba28a2ddf7c7fe6eb39",
                "sha256:5e6e4214f07d4879005860b76ed0cc7e6236acc0685342c3e120c8eae113ff57",
                "sha256:69e5e261186080501c9e09152833af14075d5de061f6399f5c34a4f638d7d599",
                "sha256:6a4b807b802e45b0f86ac2860a38d3544f58bfb9df6c3cdebf332f881b44eed2",
                "sha256:6acfa4d3c4e51fc7064451748dadb26bae579a780ebf997212c408c1f4078a9c",
                "sha256:6d4bf6a41834301b4f8f69937fd216cb7fd962b4a9b952f38310b2ca02bb7271",
                "sha256:73eb122066b85fdaaf661b814d23f03c14a131a8ca2c594819de4a8a479d8350",
                "sha256:74aa6abc33ae2235bf2be7512b4eea97a6d7f353a8587bf52f858607beffb66a",
                "sha256:76edf30377e87d8e73fd483e71d3abd9b79b5d005632690798cbcbfe78f4bb3c",
                "sha256:7f8858789b5a57b9837cd1645342f3e54a7011f2323bd7082ae51e6c429a9b1b",
                "sha256:8335d159855d492fdb6b417e801962757d0186043e249da8fe459968d1a91276",
                "sha256:8bf135eab26fa8c8c21013a7bf32061c623f77efd3b2ff0e600edb87b529d2b5",
                "sha256:8f751f4dd9d47da5d206356a9e970ebd66e6f7a80240985909b356fe39c990bb",
                "sha256:9371f68d494ce07088b72a883d15c4c53decfc3fa6294b95154b19232b94324f",
                "sha256:93762c6c3ee3fee1607c3e70d43fb79963475ca7f6908200726fc9d35f76ab91",
                "sha256:93fdf619f802de590f3be5a454fd89b23bb22562e4d775553b4bd8689c3301c6",
                "sha256:95b2e6888704fe5d9c49584cb0373fd02d966dc5dba2ee14589ff4ad4dddcdd0",
                "sha256:96b01db87d82827f1eda4cb251f62382d4f50c45d7f4fa9d56e0a24639fd3d36",
                "sha256:9786898afcc639ea1324f4cb3d62f246618272ce09dfea021ee73381bbb788c1",
                "sha256:9a52b0b51bd1397c22a935d135a17ae3c0c2fcc869820a2c89634281a4293879",
                "sha256:9b933d7ba17c619f5d838b6b3216647bcf8a2e22cd67ea89b0f2e2f50f7be0ae",
                "sha256:ab1c02c3c8e60a0f382ff35bfb4482f9222d74c596fef91c817bf3cede446554",
                "sha256:ca59c82113364c68e37a3a4540446393345ba711d15c9c1b6df52d7a0196b2ec",
                "sha256:cc148b509f24e4cdd58b3d685d05c521ada3cf893696f26363a07280aa39f549",
                "sha256:d57de07605e4f8010f18d833a0c6c558acb6c4b4d17e0e87ff22a71fee6e09ca",
                "sha256:d8fa2528e8d2a35c4fb8dd7ee1a80679c608ece568e9e30c366a5bbfeb852b70",
                "sha256:dcef5b476c95a96398188da794c99df76227fb96612f36c55a462ba41d80a9b8",
                "sha256:e11ac614ffa90332261556708109ceffdc76d7014f54e731d2c17cb622a33892",
                "sha256:e2bce4148a67677e4385598046277b3b108483e18d744598b39097c233b853aa",
                "sha256:e9d4a7ffd4a8ec86b5294518843ad0dacd4d34c36f3432ad0500daacdb004301",
                "sha256:f01dd54e22a4c710d4d8c2a689342df0ccf857838d48a6248e708a0cf8ffd1c1",
                "sha256:f98d49bb844bf302358d47d38a53e63f70370548b63fc826c84be78ecd622b73",
                "sha256:fbeb878a5333adbf85f0469d9a87c4468d4c7de561a5994e8d85acf260c3cf9b"
            ],
            "version": "==5.0.8"
        },
        "sympy": {
            "hashes": [
                "sha256:71a11e5686ae7ab6cb8feb5bd2651ef4482f8fd43a7c27e645a165e4353b23e1",
                "sha256:f9b00ec76151c98470e84f1da2d7d03633180b71fb318428ddccce1c867d3eaa"
            ],
            "index": "pypi",
            "version": "==1.4"
        },
        "typing-extensions": {
            "hashes": [
                "sha256:5cb5f4a79139d699607b3ef622a1dedafa84e115ab0024e0d9c044a9479ca7cb",
                "sha256:fb33085c39dd998ac16d1431ebc293a8b3eedd00fd4a32de0ff79002c19511b4"
            ],
            "markers": "python_version < '3.8'",
            "version": "==4.5.0"
        },
        "zipp": {
            "hashes": [
                "sha256:112929ad649da941c23de50f356a2b5570c954b65150642bccdd66bf194d224b",
                "sha256:48904fc76a60e542af151aded95726c1a5c34ed43ab4134b597665c86d7ad556"
            ],
            "markers": "python_version >= '3.7'",
            "version": "==3.15.0"
        }
    },
    "develop": {
        "entrypoints": {
            "hashes": [
                "sha256:589f874b313739ad35be6e0cd7efde2a4e9b6fea91edcc34e58ecbb8dbe56d19",
                "sha256:c70dd71abe5a8c85e55e12c19bd91ccfeec11a6e99044204511f9ed547d48451"
            ],
            "markers": "python_version >= '2.7'",
            "version": "==0.3"
        },
        "flake8": {
            "hashes": [
                "sha256:19241c1cbc971b9962473e4438a2ca19749a7dd002dd1a946eaba171b4114548",
                "sha256:8e9dfa3cecb2400b3738a42c54c3043e821682b9c840b0448c0503f781130696"
            ],
            "index": "pypi",
            "version": "==3.7.8"
        },
        "mccabe": {
            "hashes": [
                "sha256:ab8a6258860da4b6677da4bd2fe5dc2c659cff31b3ee4f7f5d64e79735b80d42",
                "sha256:dd8d182285a0fe56bace7f45b5e7d1a6ebcbf524e8f3bd87eb0f125271b8831f"
            ],
            "version": "==0.6.1"
        },
        "pycodestyle": {
            "hashes": [
                "sha256:95a2219d12372f05704562a14ec30bc76b05a5b297b21a5dfe3f6fac3491ae56",
                "sha256:e40a936c9a450ad81df37f549d676d127b1b66000a6c500caa2b085bc0ca976c"
            ],
            "markers": "python_version >= '2.7' and python_version not in '3.0, 3.1, 3.2, 3.3'",
            "version": "==2.5.0"
        },
        "pyflakes": {
            "hashes": [
                "sha256:17dbeb2e3f4d772725c777fabc446d5634d1038f234e77343108ce445ea69ce0",
                "sha256:d976835886f8c5b31d47970ed689944a0262b5f3afa00a5a7b4dc81e5449f8a2"
            ],
            "markers": "python_version >= '2.7' and python_version not in '3.0, 3.1, 3.2, 3.3'",
            "version": "==2.1.1"
        }
    }
}
